
Microsoft Visual Studio Solution File, Format Version 12.00
# Visual Studio Version 16
VisualStudioVersion = 16.0.29123.89
MinimumVisualStudioVersion = 10.0.40219.1
Project("{9A19103F-16F7-4668-BE54-9A1E7A4F7556}") = "forecast", "forecast.csproj", "{FF71D4A4-0BA1-48F5-8249-B53129D6D46F}"
EndProject
Global
	GlobalSection(SolutionConfigurationPlatforms) = preSolution
		Debug|Any CPU = Debug|Any CPU
		Release|Any CPU = Release|Any CPU
	EndGlobalSection
	GlobalSection(ProjectConfigurationPlatforms) = postSolution
		{FF71D4A4-0BA1-48F5-8249-B53129D6D46F}.Debug|Any CPU.ActiveCfg = Debug|Any CPU
		{FF71D4A4-0BA1-48F5-8249-B53129D6D46F}.Debug|Any CPU.Build.0 = Debug|Any CPU
		{FF71D4A4-0BA1-48F5-8249-B53129D6D46F}.Release|Any CPU.ActiveCfg = Release|Any CPU
		{FF71D4A4-0BA1-48F5-8249-B53129D6D46F}.Release|Any CPU.Build.0 = Release|Any CPU
	EndGlobalSection
	GlobalSection(SolutionProperties) = preSolution
		HideSolutionNode = FALSE
	EndGlobalSection
	GlobalSection(ExtensibilityGlobals) = postSolution
		SolutionGuid = {7F788BC8-F218-4EFF-ABC1-F81A877026B4}
	EndGlobalSection
EndGlobal
